
Microsoft Visual Studio Solution File, Format Version 12.00
# Visual Studio Version 16
VisualStudioVersion = 16.0.32630.194
MinimumVisualStudioVersion = 10.0.40219.1
Project("{FAE04EC0-301F-11D3-BF4B-00C04F79EFBC}") = "TestProjectJ2", "TestProjectJ2\TestProjectJ2.csproj", "{12E35584-0A2B-4D23-B0AD-0245FF778B62}"
EndProject
Global
	GlobalSection(SolutionConfigurationPlatforms) = preSolution
		Debug|Any CPU = Debug|Any CPU
		Release|Any CPU = Release|Any CPU
	EndGlobalSection
	GlobalSection(ProjectConfigurationPlatforms) = postSolution
		{12E35584-0A2B-4D23-B0AD-0245FF778B62}.Debug|Any CPU.ActiveCfg = Debug|Any CPU
		{12E35584-0A2B-4D23-B0AD-0245FF778B62}.Debug|Any CPU.Build.0 = Debug|Any CPU
		{12E35584-0A2B-4D23-B0AD-0245FF778B62}.Release|Any CPU.ActiveCfg = Release|Any CPU
		{12E35584-0A2B-4D23-B0AD-0245FF778B62}.Release|Any CPU.Build.0 = Release|Any CPU
	EndGlobalSection
	GlobalSection(SolutionProperties) = preSolution
		HideSolutionNode = FALSE
	EndGlobalSection
	GlobalSection(ExtensibilityGlobals) = postSolution
		SolutionGuid = {B28F7A6E-21C4-4CFB-9FC4-3B6FFFC583A5}
	EndGlobalSection
EndGlobal
